
Microsoft Visual Studio Solution File, Format Version 12.00
# Visual Studio 15
VisualStudioVersion = 15.0.28010.2026
MinimumVisualStudioVersion = 10.0.40219.1
Project("{FAE04EC0-301F-11D3-BF4B-00C04F79EFBC}") = "OrderWMSAdapter", "OrderWMSAdapter\OrderWMSAdapter.csproj", "{E7B0B4D0-ADF3-40D2-B3D7-0665CF52B276}"
EndProject
Global
	GlobalSection(SolutionConfigurationPlatforms) = preSolution
		Debug|Any CPU = Debug|Any CPU
		Release|Any CPU = Release|Any CPU
	EndGlobalSection
	GlobalSection(ProjectConfigurationPlatforms) = postSolution
		{E7B0B4D0-ADF3-40D2-B3D7-0665CF52B276}.Debug|Any CPU.ActiveCfg = Debug|Any CPU
		{E7B0B4D0-ADF3-40D2-B3D7-0665CF52B276}.Debug|Any CPU.Build.0 = Debug|Any CPU
		{E7B0B4D0-ADF3-40D2-B3D7-0665CF52B276}.Release|Any CPU.ActiveCfg = Release|Any CPU
		{E7B0B4D0-ADF3-40D2-B3D7-0665CF52B276}.Release|Any CPU.Build.0 = Release|Any CPU
	EndGlobalSection
	GlobalSection(SolutionProperties) = preSolution
		HideSolutionNode = FALSE
	EndGlobalSection
	GlobalSection(ExtensibilityGlobals) = postSolution
		SolutionGuid = {88EAD254-2D62-42AB-AF68-4548103F98A8}
	EndGlobalSection
EndGlobal
