
Microsoft Visual Studio Solution File, Format Version 12.00
# Visual Studio 15
VisualStudioVersion = 15.0.28010.2026
MinimumVisualStudioVersion = 10.0.40219.1
Project("{FAE04EC0-301F-11D3-BF4B-00C04F79EFBC}") = "PoDAdapterStrip", "PoDAdapterStrip\PoDAdapterStrip.csproj", "{DAEBC2F1-93EF-4078-AB1A-13F53C6BCC3A}"
EndProject
Global
	GlobalSection(SolutionConfigurationPlatforms) = preSolution
		Debug|Any CPU = Debug|Any CPU
		Release|Any CPU = Release|Any CPU
	EndGlobalSection
	GlobalSection(ProjectConfigurationPlatforms) = postSolution
		{DAEBC2F1-93EF-4078-AB1A-13F53C6BCC3A}.Debug|Any CPU.ActiveCfg = Debug|Any CPU
		{DAEBC2F1-93EF-4078-AB1A-13F53C6BCC3A}.Debug|Any CPU.Build.0 = Debug|Any CPU
		{DAEBC2F1-93EF-4078-AB1A-13F53C6BCC3A}.Release|Any CPU.ActiveCfg = Release|Any CPU
		{DAEBC2F1-93EF-4078-AB1A-13F53C6BCC3A}.Release|Any CPU.Build.0 = Release|Any CPU
	EndGlobalSection
	GlobalSection(SolutionProperties) = preSolution
		HideSolutionNode = FALSE
	EndGlobalSection
	GlobalSection(ExtensibilityGlobals) = postSolution
		SolutionGuid = {084563DB-A3EB-4986-BFC6-859D6BAF2156}
	EndGlobalSection
EndGlobal
